
Microsoft Visual Studio Solution File, Format Version 12.00
# Visual Studio Version 16
VisualStudioVersion = 16.0.29806.167
MinimumVisualStudioVersion = 10.0.40219.1
Project("{8BC9CEB8-8B4A-11D0-8D11-00A0C91BC942}") = "1강", "1강\1강.vcxproj", "{AF550330-2A88-407C-975F-55CB81B195AB}"
EndProject
Global
	GlobalSection(SolutionConfigurationPlatforms) = preSolution
		Debug|x64 = Debug|x64
		Debug|x86 = Debug|x86
		Release|x64 = Release|x64
		Release|x86 = Release|x86
	EndGlobalSection
	GlobalSection(ProjectConfigurationPlatforms) = postSolution
		{AF550330-2A88-407C-975F-55CB81B195AB}.Debug|x64.ActiveCfg = Debug|x64
		{AF550330-2A88-407C-975F-55CB81B195AB}.Debug|x64.Build.0 = Debug|x64
		{AF550330-2A88-407C-975F-55CB81B195AB}.Debug|x86.ActiveCfg = Debug|Win32
		{AF550330-2A88-407C-975F-55CB81B195AB}.Debug|x86.Build.0 = Debug|Win32
		{AF550330-2A88-407C-975F-55CB81B195AB}.Release|x64.ActiveCfg = Release|x64
		{AF550330-2A88-407C-975F-55CB81B195AB}.Release|x64.Build.0 = Release|x64
		{AF550330-2A88-407C-975F-55CB81B195AB}.Release|x86.ActiveCfg = Release|Win32
		{AF550330-2A88-407C-975F-55CB81B195AB}.Release|x86.Build.0 = Release|Win32
	EndGlobalSection
	GlobalSection(SolutionProperties) = preSolution
		HideSolutionNode = FALSE
	EndGlobalSection
	GlobalSection(ExtensibilityGlobals) = postSolution
		SolutionGuid = {A2392E30-4509-4CE9-B47E-A6A7CBF4AAA7}
	EndGlobalSection
EndGlobal
