
Microsoft Visual Studio Solution File, Format Version 12.00
# Visual Studio Version 16
VisualStudioVersion = 16.0.29806.167
MinimumVisualStudioVersion = 10.0.40219.1
Project("{8BC9CEB8-8B4A-11D0-8D11-00A0C91BC942}") = "Part1", "Part1\Part1.vcxproj", "{253A6F31-AF3C-4015-8C19-A4B2D0632323}"
EndProject
Project("{8BC9CEB8-8B4A-11D0-8D11-00A0C91BC942}") = "Part2", "Part2\Part2.vcxproj", "{C56ED4B1-B57A-4C6D-B87F-55E913C5D6C1}"
EndProject
Project("{8BC9CEB8-8B4A-11D0-8D11-00A0C91BC942}") = "Part3", "Part3\Part3.vcxproj", "{E20DD301-3DDE-490C-81E7-5002F7EB74DD}"
EndProject
Project("{8BC9CEB8-8B4A-11D0-8D11-00A0C91BC942}") = "Part4", "Part4\Part4.vcxproj", "{065F98A0-277B-4EAF-AD4E-B0CACC60DC6A}"
EndProject
Project("{8BC9CEB8-8B4A-11D0-8D11-00A0C91BC942}") = "Part5", "Part5\Part5.vcxproj", "{679CCFD8-8397-4207-AE70-3D4D178110C5}"
EndProject
Project("{8BC9CEB8-8B4A-11D0-8D11-00A0C91BC942}") = "Part6", "Part6\Part6.vcxproj", "{5E9A3B10-A8D1-4C91-A160-EE1601CC83EB}"
EndProject
Project("{8BC9CEB8-8B4A-11D0-8D11-00A0C91BC942}") = "Part7", "Part7\Part7.vcxproj", "{96977E4E-CF81-4F76-B999-C1018C5CC706}"
EndProject
Project("{8BC9CEB8-8B4A-11D0-8D11-00A0C91BC942}") = "Part8", "Part8\Part8.vcxproj", "{018FD6AE-A3A4-4F3E-A4B6-180A1C10A962}"
EndProject
Global
	GlobalSection(SolutionConfigurationPlatforms) = preSolution
		Debug|x64 = Debug|x64
		Debug|x86 = Debug|x86
		Release|x64 = Release|x64
		Release|x86 = Release|x86
	EndGlobalSection
	GlobalSection(ProjectConfigurationPlatforms) = postSolution
		{253A6F31-AF3C-4015-8C19-A4B2D0632323}.Debug|x64.ActiveCfg = Debug|x64
		{253A6F31-AF3C-4015-8C19-A4B2D0632323}.Debug|x64.Build.0 = Debug|x64
		{253A6F31-AF3C-4015-8C19-A4B2D0632323}.Debug|x86.ActiveCfg = Debug|Win32
		{253A6F31-AF3C-4015-8C19-A4B2D0632323}.Debug|x86.Build.0 = Debug|Win32
		{253A6F31-AF3C-4015-8C19-A4B2D0632323}.Release|x64.ActiveCfg = Release|x64
		{253A6F31-AF3C-4015-8C19-A4B2D0632323}.Release|x64.Build.0 = Release|x64
		{253A6F31-AF3C-4015-8C19-A4B2D0632323}.Release|x86.ActiveCfg = Release|Win32
		{253A6F31-AF3C-4015-8C19-A4B2D0632323}.Release|x86.Build.0 = Release|Win32
		{C56ED4B1-B57A-4C6D-B87F-55E913C5D6C1}.Debug|x64.ActiveCfg = Debug|x64
		{C56ED4B1-B57A-4C6D-B87F-55E913C5D6C1}.Debug|x64.Build.0 = Debug|x64
		{C56ED4B1-B57A-4C6D-B87F-55E913C5D6C1}.Debug|x86.ActiveCfg = Debug|Win32
		{C56ED4B1-B57A-4C6D-B87F-55E913C5D6C1}.Debug|x86.Build.0 = Debug|Win32
		{C56ED4B1-B57A-4C6D-B87F-55E913C5D6C1}.Release|x64.ActiveCfg = Release|x64
		{C56ED4B1-B57A-4C6D-B87F-55E913C5D6C1}.Release|x64.Build.0 = Release|x64
		{C56ED4B1-B57A-4C6D-B87F-55E913C5D6C1}.Release|x86.ActiveCfg = Release|Win32
		{C56ED4B1-B57A-4C6D-B87F-55E913C5D6C1}.Release|x86.Build.0 = Release|Win32
		{E20DD301-3DDE-490C-81E7-5002F7EB74DD}.Debug|x64.ActiveCfg = Debug|x64
		{E20DD301-3DDE-490C-81E7-5002F7EB74DD}.Debug|x64.Build.0 = Debug|x64
		{E20DD301-3DDE-490C-81E7-5002F7EB74DD}.Debug|x86.ActiveCfg = Debug|Win32
		{E20DD301-3DDE-490C-81E7-5002F7EB74DD}.Debug|x86.Build.0 = Debug|Win32
		{E20DD301-3DDE-490C-81E7-5002F7EB74DD}.Release|x64.ActiveCfg = Release|x64
		{E20DD301-3DDE-490C-81E7-5002F7EB74DD}.Release|x64.Build.0 = Release|x64
		{E20DD301-3DDE-490C-81E7-5002F7EB74DD}.Release|x86.ActiveCfg = Release|Win32
		{E20DD301-3DDE-490C-81E7-5002F7EB74DD}.Release|x86.Build.0 = Release|Win32
		{065F98A0-277B-4EAF-AD4E-B0CACC60DC6A}.Debug|x64.ActiveCfg = Debug|x64
		{065F98A0-277B-4EAF-AD4E-B0CACC60DC6A}.Debug|x64.Build.0 = Debug|x64
		{065F98A0-277B-4EAF-AD4E-B0CACC60DC6A}.Debug|x86.ActiveCfg = Debug|Win32
		{065F98A0-277B-4EAF-AD4E-B0CACC60DC6A}.Debug|x86.Build.0 = Debug|Win32
		{065F98A0-277B-4EAF-AD4E-B0CACC60DC6A}.Release|x64.ActiveCfg = Release|x64
		{065F98A0-277B-4EAF-AD4E-B0CACC60DC6A}.Release|x64.Build.0 = Release|x64
		{065F98A0-277B-4EAF-AD4E-B0CACC60DC6A}.Release|x86.ActiveCfg = Release|Win32
		{065F98A0-277B-4EAF-AD4E-B0CACC60DC6A}.Release|x86.Build.0 = Release|Win32
		{679CCFD8-8397-4207-AE70-3D4D178110C5}.Debug|x64.ActiveCfg = Debug|x64
		{679CCFD8-8397-4207-AE70-3D4D178110C5}.Debug|x64.Build.0 = Debug|x64
		{679CCFD8-8397-4207-AE70-3D4D178110C5}.Debug|x86.ActiveCfg = Debug|Win32
		{679CCFD8-8397-4207-AE70-3D4D178110C5}.Debug|x86.Build.0 = Debug|Win32
		{679CCFD8-8397-4207-AE70-3D4D178110C5}.Release|x64.ActiveCfg = Release|x64
		{679CCFD8-8397-4207-AE70-3D4D178110C5}.Release|x64.Build.0 = Release|x64
		{679CCFD8-8397-4207-AE70-3D4D178110C5}.Release|x86.ActiveCfg = Release|Win32
		{679CCFD8-8397-4207-AE70-3D4D178110C5}.Release|x86.Build.0 = Release|Win32
		{5E9A3B10-A8D1-4C91-A160-EE1601CC83EB}.Debug|x64.ActiveCfg = Debug|x64
		{5E9A3B10-A8D1-4C91-A160-EE1601CC83EB}.Debug|x64.Build.0 = Debug|x64
		{5E9A3B10-A8D1-4C91-A160-EE1601CC83EB}.Debug|x86.ActiveCfg = Debug|Win32
		{5E9A3B10-A8D1-4C91-A160-EE1601CC83EB}.Debug|x86.Build.0 = Debug|Win32
		{5E9A3B10-A8D1-4C91-A160-EE1601CC83EB}.Release|x64.ActiveCfg = Release|x64
		{5E9A3B10-A8D1-4C91-A160-EE1601CC83EB}.Release|x64.Build.0 = Release|x64
		{5E9A3B10-A8D1-4C91-A160-EE1601CC83EB}.Release|x86.ActiveCfg = Release|Win32
		{5E9A3B10-A8D1-4C91-A160-EE1601CC83EB}.Release|x86.Build.0 = Release|Win32
		{96977E4E-CF81-4F76-B999-C1018C5CC706}.Debug|x64.ActiveCfg = Debug|x64
		{96977E4E-CF81-4F76-B999-C1018C5CC706}.Debug|x64.Build.0 = Debug|x64
		{96977E4E-CF81-4F76-B999-C1018C5CC706}.Debug|x86.ActiveCfg = Debug|Win32
		{96977E4E-CF81-4F76-B999-C1018C5CC706}.Debug|x86.Build.0 = Debug|Win32
		{96977E4E-CF81-4F76-B999-C1018C5CC706}.Release|x64.ActiveCfg = Release|x64
		{96977E4E-CF81-4F76-B999-C1018C5CC706}.Release|x64.Build.0 = Release|x64
		{96977E4E-CF81-4F76-B999-C1018C5CC706}.Release|x86.ActiveCfg = Release|Win32
		{96977E4E-CF81-4F76-B999-C1018C5CC706}.Release|x86.Build.0 = Release|Win32
		{018FD6AE-A3A4-4F3E-A4B6-180A1C10A962}.Debug|x64.ActiveCfg = Debug|x64
		{018FD6AE-A3A4-4F3E-A4B6-180A1C10A962}.Debug|x64.Build.0 = Debug|x64
		{018FD6AE-A3A4-4F3E-A4B6-180A1C10A962}.Debug|x86.ActiveCfg = Debug|Win32
		{018FD6AE-A3A4-4F3E-A4B6-180A1C10A962}.Debug|x86.Build.0 = Debug|Win32
		{018FD6AE-A3A4-4F3E-A4B6-180A1C10A962}.Release|x64.ActiveCfg = Release|x64
		{018FD6AE-A3A4-4F3E-A4B6-180A1C10A962}.Release|x64.Build.0 = Release|x64
		{018FD6AE-A3A4-4F3E-A4B6-180A1C10A962}.Release|x86.ActiveCfg = Release|Win32
		{018FD6AE-A3A4-4F3E-A4B6-180A1C10A962}.Release|x86.Build.0 = Release|Win32
	EndGlobalSection
	GlobalSection(SolutionProperties) = preSolution
		HideSolutionNode = FALSE
	EndGlobalSection
	GlobalSection(ExtensibilityGlobals) = postSolution
		SolutionGuid = {7718057A-DD1D-4EAC-9B5D-84254B17269E}
	EndGlobalSection
EndGlobal
